{
  "name": "server",
  "lockfileVersion": 3,
  "requires": true,
  "packages": {
    "": {
      "dependencies": {
        "@tauri-apps/plugin-fs": "^2.0.0-rc.2"
      }
    },
    "node_modules/@tauri-apps/api": {
      "version": "2.0.0-rc.4",
      "resolved": "https://registry.npmjs.org/@tauri-apps/api/-/api-2.0.0-rc.4.tgz",
      "integrity": "sha512-UNiIhhKG08j4ooss2oEEVexffmWkgkYlC2M3GcX3VPtNsqFgVNL8Mcw/4Y7rO9M9S+ffAMnLOF5ypzyuyb8tyg==",
      "funding": {
        "type": "opencollective",
        "url": "https://opencollective.com/tauri"
      }
    },
    "node_modules/@tauri-apps/plugin-fs": {
      "version": "2.0.0-rc.2",
      "resolved": "https://registry.npmjs.org/@tauri-apps/plugin-fs/-/plugin-fs-2.0.0-rc.2.tgz",
      "integrity": "sha512-TFjCfso3tN4b5s2EBjqP8N2gYrPh93Ds3VNKj8pCXv4wbvnItyfG0aHO0haUsedBOHQryDwv9vDAdPX6/T0a+g==",
      "dependencies": {
        "@tauri-apps/api": "^2.0.0-rc.4"
      }
    }
  }
}
